
Microsoft Visual Studio Solution File, Format Version 12.00
# Visual Studio Version 17
VisualStudioVersion = 17.13.35931.197 d17.13
MinimumVisualStudioVersion = 10.0.40219.1
Project("{FAE04EC0-301F-11D3-BF4B-00C04F79EFBC}") = "MaquinaCafe", "MaquinaCafe\MaquinaCafe.csproj", "{A120656D-ED70-4D59-A3DC-18CDC09897DA}"
EndProject
Project("{FAE04EC0-301F-11D3-BF4B-00C04F79EFBC}") = "MaquinaCafe.Tests", "MaquinaCafe.Tests\MaquinaCafe.Tests.csproj", "{9CF833E1-30B7-460F-8531-E81BDD5F2442}"
EndProject
Project("{FAE04EC0-301F-11D3-BF4B-00C04F79EFBC}") = "MaquinaCafeApp", "MaquinaCafeApp\MaquinaCafeApp.csproj", "{B2C1E125-4174-4293-B545-35DE92608D3F}"
EndProject
Global
	GlobalSection(SolutionConfigurationPlatforms) = preSolution
		Debug|Any CPU = Debug|Any CPU
		Release|Any CPU = Release|Any CPU
	EndGlobalSection
	GlobalSection(ProjectConfigurationPlatforms) = postSolution
		{A120656D-ED70-4D59-A3DC-18CDC09897DA}.Debug|Any CPU.ActiveCfg = Debug|Any CPU
		{A120656D-ED70-4D59-A3DC-18CDC09897DA}.Debug|Any CPU.Build.0 = Debug|Any CPU
		{A120656D-ED70-4D59-A3DC-18CDC09897DA}.Release|Any CPU.ActiveCfg = Release|Any CPU
		{A120656D-ED70-4D59-A3DC-18CDC09897DA}.Release|Any CPU.Build.0 = Release|Any CPU
		{9CF833E1-30B7-460F-8531-E81BDD5F2442}.Debug|Any CPU.ActiveCfg = Debug|Any CPU
		{9CF833E1-30B7-460F-8531-E81BDD5F2442}.Debug|Any CPU.Build.0 = Debug|Any CPU
		{9CF833E1-30B7-460F-8531-E81BDD5F2442}.Release|Any CPU.ActiveCfg = Release|Any CPU
		{9CF833E1-30B7-460F-8531-E81BDD5F2442}.Release|Any CPU.Build.0 = Release|Any CPU
		{B2C1E125-4174-4293-B545-35DE92608D3F}.Debug|Any CPU.ActiveCfg = Debug|Any CPU
		{B2C1E125-4174-4293-B545-35DE92608D3F}.Debug|Any CPU.Build.0 = Debug|Any CPU
		{B2C1E125-4174-4293-B545-35DE92608D3F}.Release|Any CPU.ActiveCfg = Release|Any CPU
		{B2C1E125-4174-4293-B545-35DE92608D3F}.Release|Any CPU.Build.0 = Release|Any CPU
	EndGlobalSection
	GlobalSection(SolutionProperties) = preSolution
		HideSolutionNode = FALSE
	EndGlobalSection
	GlobalSection(ExtensibilityGlobals) = postSolution
		SolutionGuid = {A4ABA345-9ACC-4A52-9103-7C78B1413207}
	EndGlobalSection
EndGlobal
